github.com/rahmaninsani/go-say-hello v1.0.0 h1:dSiZ2ivTlLcfIah5wGT5tV3PagEXuH9CSMi+WfON34k=
github.com/rahmaninsani/go-say-hello v1.0.0/go.mod h1:7/1vgSCwt74/x6yb6qxsCedFX5MhmC455VUwE79H4XA=
github.com/rahmaninsani/go-say-hello v1.5.0 h1:LV6eOQlKbepDNYUJoDl28JcdBelsYhlAaM+c+0Qq7iI=
github.com/rahmaninsani/go-say-hello v1.5.0/go.mod h1:7/1vgSCwt74/x6yb6qxsCedFX5MhmC455VUwE79H4XA=
github.com/rahmaninsani/go-say-hello/v2 v2.0.0 h1:+PQQVjez4QoZ370n+8Jt52TGwc03CYKR1ZMtnh3twZ0=
github.com/rahmaninsani/go-say-hello/v2 v2.0.0/go.mod h1:5NqzUqI6As0mCLwEF24e42UMmDn4bTu8t3QGUXAnLwU=
